{
  "name": "node",
  "lockfileVersion": 3,
  "requires": true,
  "packages": {
    "": {
      "name": "node",
      "dependencies": {
        "@team-charls/charls-wasm": "file:../../dist"
      }
    },
    "node_modules/@team-charls/charls-wasm": {
      "version": "0.8.0",
      "resolved": "file:../../dist",
      "license": "BSD-3-Clause"
    }
  }
}
